// !$*UTF8*$!
{
	archiveVersion = 1;
	classes = {
	};
	objectVersion = 55;
	objects = {

/* Begin PBXBuildFile section */
		118392E7340E4C03EE2B1B08 /* Pods_WellthierTests.framework in Frameworks */ = {isa = PBXBuildFile; fileRef = 6ADD19855118EE1AE42A6A37 /* Pods_WellthierTests.framework */; };
		7300D031288756AB0057FEEB /* WorkoutFeedViewController.m in Sources */ = {isa = PBXBuildFile; fileRef = 7300D030288756AB0057FEEB /* WorkoutFeedViewController.m */; };
		7300D03428876B6B0057FEEB /* PostCell.m in Sources */ = {isa = PBXBuildFile; fileRef = 7300D03328876B6B0057FEEB /* PostCell.m */; };
		7300D03728876E200057FEEB /* ComposeViewController.m in Sources */ = {isa = PBXBuildFile; fileRef = 7300D03628876E200057FEEB /* ComposeViewController.m */; };
		7300D03A288863640057FEEB /* Post.m in Sources */ = {isa = PBXBuildFile; fileRef = 7300D039288863640057FEEB /* Post.m */; };
		7300D040288879950057FEEB /* Managers in Resources */ = {isa = PBXBuildFile; fileRef = 7300D03F288879950057FEEB /* Managers */; };
		731AA44E288F527200C9F4AE /* HealthKitWorkoutsViewController.m in Sources */ = {isa = PBXBuildFile; fileRef = 731AA44D288F527200C9F4AE /* HealthKitWorkoutsViewController.m */; };
		731AA451288F537700C9F4AE /* HealthKitWorkoutTableViewCell.m in Sources */ = {isa = PBXBuildFile; fileRef = 731AA450288F537700C9F4AE /* HealthKitWorkoutTableViewCell.m */; };
		731AA4572893041A00C9F4AE /* MainTabBarController.m in Sources */ = {isa = PBXBuildFile; fileRef = 731AA4562893041A00C9F4AE /* MainTabBarController.m */; };
		731AA45A2893586600C9F4AE /* PostDetailsViewController.m in Sources */ = {isa = PBXBuildFile; fileRef = 731AA4592893586600C9F4AE /* PostDetailsViewController.m */; };
		731AA45D2894425700C9F4AE /* TransitionAnimator.m in Sources */ = {isa = PBXBuildFile; fileRef = 731AA45C2894425700C9F4AE /* TransitionAnimator.m */; };
		731AA460289448A800C9F4AE /* TransitionSegue.m in Sources */ = {isa = PBXBuildFile; fileRef = 731AA45F289448A800C9F4AE /* TransitionSegue.m */; };
		7344C92A288A18D10017C4EB /* ProfileViewController.m in Sources */ = {isa = PBXBuildFile; fileRef = 7344C929288A18D10017C4EB /* ProfileViewController.m */; };
		73496B45287F83E600A1E77C /* LoginViewController.m in Sources */ = {isa = PBXBuildFile; fileRef = 73496B44287F83E600A1E77C /* LoginViewController.m */; };
		735236E2287745A7002BB65E /* SignUpViewController.m in Sources */ = {isa = PBXBuildFile; fileRef = 735236E1287745A7002BB65E /* SignUpViewController.m */; };
		735236E72877827C002BB65E /* HealthKit.framework in Frameworks */ = {isa = PBXBuildFile; fileRef = 735236E62877827C002BB65E /* HealthKit.framework */; };
		735236EA28779600002BB65E /* SearchViewController.m in Sources */ = {isa = PBXBuildFile; fileRef = 735236E928779600002BB65E /* SearchViewController.m */; };
		735236EC2877A68D002BB65E /* Models in Resources */ = {isa = PBXBuildFile; fileRef = 735236EB2877A68D002BB65E /* Models */; };
		735236F12878913F002BB65E /* API in Resources */ = {isa = PBXBuildFile; fileRef = 735236F02878913F002BB65E /* API */; };
		737E430328887AE7004D0C13 /* ExerciseSharedManager.m in Sources */ = {isa = PBXBuildFile; fileRef = 737E430228887AE7004D0C13 /* ExerciseSharedManager.m */; };
		737E430628887B88004D0C13 /* HealthKitSharedManager.m in Sources */ = {isa = PBXBuildFile; fileRef = 737E430528887B88004D0C13 /* HealthKitSharedManager.m */; };
		739535CB287DF75100D1D4CF /* ExerciseAPIManager.m in Sources */ = {isa = PBXBuildFile; fileRef = 739535C9287DF75100D1D4CF /* ExerciseAPIManager.m */; };
		739535CE287DF79500D1D4CF /* Exercise.m in Sources */ = {isa = PBXBuildFile; fileRef = 739535CC287DF79500D1D4CF /* Exercise.m */; };
		739535D1287DF7B500D1D4CF /* ExerciseCell.m in Sources */ = {isa = PBXBuildFile; fileRef = 739535D0287DF7B500D1D4CF /* ExerciseCell.m */; };
		739535D6287DF7E600D1D4CF /* SearchCell.m in Sources */ = {isa = PBXBuildFile; fileRef = 739535D2287DF7E600D1D4CF /* SearchCell.m */; };
		73B22DA3287F3ABA002548DE /* Workout.m in Sources */ = {isa = PBXBuildFile; fileRef = 73B22DA2287F3ABA002548DE /* Workout.m */; };
		73B22DA6287F3DDD002548DE /* LibraryViewController.m in Sources */ = {isa = PBXBuildFile; fileRef = 73B22DA5287F3DDD002548DE /* LibraryViewController.m */; };
		73B22DA9287F3EBE002548DE /* SettingsViewController.m in Sources */ = {isa = PBXBuildFile; fileRef = 73B22DA8287F3EBE002548DE /* SettingsViewController.m */; };
		73B22DAC287F490A002548DE /* WorkoutCollectionViewCell.m in Sources */ = {isa = PBXBuildFile; fileRef = 73B22DAB287F490A002548DE /* WorkoutCollectionViewCell.m */; };
		73B91B7928762EA500857F73 /* AppDelegate.m in Sources */ = {isa = PBXBuildFile; fileRef = 73B91B7828762EA500857F73 /* AppDelegate.m */; };
		73B91B7C28762EA500857F73 /* SceneDelegate.m in Sources */ = {isa = PBXBuildFile; fileRef = 73B91B7B28762EA500857F73 /* SceneDelegate.m */; };
		73B91B8228762EA500857F73 /* Main.storyboard in Resources */ = {isa = PBXBuildFile; fileRef = 73B91B8028762EA500857F73 /* Main.storyboard */; };
		73B91B8428762EA700857F73 /* Assets.xcassets in Resources */ = {isa = PBXBuildFile; fileRef = 73B91B8328762EA700857F73 /* Assets.xcassets */; };
		73B91B8728762EA700857F73 /* LaunchScreen.storyboard in Resources */ = {isa = PBXBuildFile; fileRef = 73B91B8528762EA700857F73 /* LaunchScreen.storyboard */; };
		73B91B8A28762EA700857F73 /* main.m in Sources */ = {isa = PBXBuildFile; fileRef = 73B91B8928762EA700857F73 /* main.m */; };
		73B91B9428762EA700857F73 /* WellthierTests.m in Sources */ = {isa = PBXBuildFile; fileRef = 73B91B9328762EA700857F73 /* WellthierTests.m */; };
		73B91B9E28762EA700857F73 /* WellthierUITests.m in Sources */ = {isa = PBXBuildFile; fileRef = 73B91B9D28762EA700857F73 /* WellthierUITests.m */; };
		73B91BA028762EA700857F73 /* WellthierUITestsLaunchTests.m in Sources */ = {isa = PBXBuildFile; fileRef = 73B91B9F28762EA700857F73 /* WellthierUITestsLaunchTests.m */; };
		73B91BAE287632CE00857F73 /* View Controllers in Resources */ = {isa = PBXBuildFile; fileRef = 73B91BAD287632CE00857F73 /* View Controllers */; };
		73CAFF9D28999728005E9706 /* Draft.m in Sources */ = {isa = PBXBuildFile; fileRef = 73CAFF9C28999728005E9706 /* Draft.m */; };
		73CAFFA328999C7F005E9706 /* DraftSharedManager.m in Sources */ = {isa = PBXBuildFile; fileRef = 73CAFFA228999C7F005E9706 /* DraftSharedManager.m */; };
		73DE058E2885BE5B00CAB9F6 /* Cells in Resources */ = {isa = PBXBuildFile; fileRef = 73DE058D2885BE5B00CAB9F6 /* Cells */; };
		73DE05942885CEDF00CAB9F6 /* NewWorkoutViewController.m in Sources */ = {isa = PBXBuildFile; fileRef = 73DE05932885CEDF00CAB9F6 /* NewWorkoutViewController.m */; };
		73DE05972885E04700CAB9F6 /* AddToWorkoutViewController.m in Sources */ = {isa = PBXBuildFile; fileRef = 73DE05962885E04700CAB9F6 /* AddToWorkoutViewController.m */; };
		73DE059A2885E11100CAB9F6 /* WorkoutTableViewCell.m in Sources */ = {isa = PBXBuildFile; fileRef = 73DE05992885E11100CAB9F6 /* WorkoutTableViewCell.m */; };
		73E55CA42880B78000D9B73F /* WorkoutViewController.m in Sources */ = {isa = PBXBuildFile; fileRef = 73E55CA32880B78000D9B73F /* WorkoutViewController.m */; };
		73E5EAE7287F3792008E3BC1 /* GifViewController.m in Sources */ = {isa = PBXBuildFile; fileRef = 73E5EAE6287F3792008E3BC1 /* GifViewController.m */; };
		7DEE59C124C6097B1AA7133A /* Pods_Wellthier_WellthierUITests.framework in Frameworks */ = {isa = PBXBuildFile; fileRef = A44740A45D23BA248963FB1B /* Pods_Wellthier_WellthierUITests.framework */; };
		FA17B6F140A560E7931667F7 /* Pods_Wellthier.framework in Frameworks */ = {isa = PBXBuildFile; fileRef = DE365CA49EA2890D9F7E56A7 /* Pods_Wellthier.framework */; };
/* End PBXBuildFile section */

/* Begin PBXContainerItemProxy section */
		73B91B9028762EA700857F73 /* PBXContainerItemProxy */ = {
			isa = PBXContainerItemProxy;
			containerPortal = 73B91B6C28762EA500857F73 /* Project object */;
			proxyType = 1;
			remoteGlobalIDString = 73B91B7328762EA500857F73;
			remoteInfo = Wellthier;
		};
		73B91B9A28762EA700857F73 /* PBXContainerItemProxy */ = {
			isa = PBXContainerItemProxy;
			containerPortal = 73B91B6C28762EA500857F73 /* Project object */;
			proxyType = 1;
			remoteGlobalIDString = 73B91B7328762EA500857F73;
			remoteInfo = Wellthier;
		};
/* End PBXContainerItemProxy section */

/* Begin PBXFileReference section */
		2BA6A5B4169932F6BB81A73C /* Pods-WellthierTests.release.xcconfig */ = {isa = PBXFileReference; includeInIndex = 1; lastKnownFileType = text.xcconfig; name = "Pods-WellthierTests.release.xcconfig"; path = "Target Support Files/Pods-WellthierTests/Pods-WellthierTests.release.xcconfig"; sourceTree = "<group>"; };
		62622D26D2304DE596E8011C /* Pods-Wellthier.debug.xcconfig */ = {isa = PBXFileReference; includeInIndex = 1; lastKnownFileType = text.xcconfig; name = "Pods-Wellthier.debug.xcconfig"; path = "Target Support Files/Pods-Wellthier/Pods-Wellthier.debug.xcconfig"; sourceTree = "<group>"; };
		6ADD19855118EE1AE42A6A37 /* Pods_WellthierTests.framework */ = {isa = PBXFileReference; explicitFileType = wrapper.framework; includeInIndex = 0; path = Pods_WellthierTests.framework; sourceTree = BUILT_PRODUCTS_DIR; };
		7300D02F288756AB0057FEEB /* WorkoutFeedViewController.h */ = {isa = PBXFileReference; lastKnownFileType = sourcecode.c.h; name = WorkoutFeedViewController.h; path = "View Controllers/WorkoutFeedViewController.h"; sourceTree = "<group>"; };
		7300D030288756AB0057FEEB /* WorkoutFeedViewController.m */ = {isa = PBXFileReference; lastKnownFileType = sourcecode.c.objc; name = WorkoutFeedViewController.m; path = "View Controllers/WorkoutFeedViewController.m"; sourceTree = "<group>"; };
		7300D03228876B6B0057FEEB /* PostCell.h */ = {isa = PBXFileReference; lastKnownFileType = sourcecode.c.h; name = PostCell.h; path = Cells/PostCell.h; sourceTree = "<group>"; };
		7300D03328876B6B0057FEEB /* PostCell.m */ = {isa = PBXFileReference; lastKnownFileType = sourcecode.c.objc; name = PostCell.m; path = Cells/PostCell.m; sourceTree = "<group>"; };
		7300D03528876E200057FEEB /* ComposeViewController.h */ = {isa = PBXFileReference; lastKnownFileType = sourcecode.c.h; name = ComposeViewController.h; path = "View Controllers/ComposeViewController.h"; sourceTree = "<group>"; };
		7300D03628876E200057FEEB /* ComposeViewController.m */ = {isa = PBXFileReference; lastKnownFileType = sourcecode.c.objc; name = ComposeViewController.m; path = "View Controllers/ComposeViewController.m"; sourceTree = "<group>"; };
		7300D038288863640057FEEB /* Post.h */ = {isa = PBXFileReference; lastKnownFileType = sourcecode.c.h; name = Post.h; path = Models/Post.h; sourceTree = "<group>"; };
		7300D039288863640057FEEB /* Post.m */ = {isa = PBXFileReference; lastKnownFileType = sourcecode.c.objc; name = Post.m; path = Models/Post.m; sourceTree = "<group>"; };
		7300D03B28886EE20057FEEB /* Wellthier.entitlements */ = {isa = PBXFileReference; lastKnownFileType = text.plist.entitlements; path = Wellthier.entitlements; sourceTree = "<group>"; };
		7300D03F288879950057FEEB /* Managers */ = {isa = PBXFileReference; lastKnownFileType = folder; path = Managers; sourceTree = "<group>"; };
		731AA44C288F527200C9F4AE /* HealthKitWorkoutsViewController.h */ = {isa = PBXFileReference; lastKnownFileType = sourcecode.c.h; name = HealthKitWorkoutsViewController.h; path = "View Controllers/HealthKitWorkoutsViewController.h"; sourceTree = "<group>"; };
		731AA44D288F527200C9F4AE /* HealthKitWorkoutsViewController.m */ = {isa = PBXFileReference; lastKnownFileType = sourcecode.c.objc; name = HealthKitWorkoutsViewController.m; path = "View Controllers/HealthKitWorkoutsViewController.m"; sourceTree = "<group>"; };
		731AA44F288F537700C9F4AE /* HealthKitWorkoutTableViewCell.h */ = {isa = PBXFileReference; lastKnownFileType = sourcecode.c.h; name = HealthKitWorkoutTableViewCell.h; path = Cells/HealthKitWorkoutTableViewCell.h; sourceTree = "<group>"; };
		731AA450288F537700C9F4AE /* HealthKitWorkoutTableViewCell.m */ = {isa = PBXFileReference; lastKnownFileType = sourcecode.c.objc; name = HealthKitWorkoutTableViewCell.m; path = Cells/HealthKitWorkoutTableViewCell.m; sourceTree = "<group>"; };
		731AA4552893041A00C9F4AE /* MainTabBarController.h */ = {isa = PBXFileReference; lastKnownFileType = sourcecode.c.h; name = MainTabBarController.h; path = "View Controllers/MainTabBarController.h"; sourceTree = "<group>"; };
		731AA4562893041A00C9F4AE /* MainTabBarController.m */ = {isa = PBXFileReference; lastKnownFileType = sourcecode.c.objc; name = MainTabBarController.m; path = "View Controllers/MainTabBarController.m"; sourceTree = "<group>"; };
		731AA4582893586600C9F4AE /* PostDetailsViewController.h */ = {isa = PBXFileReference; lastKnownFileType = sourcecode.c.h; name = PostDetailsViewController.h; path = "View Controllers/PostDetailsViewController.h"; sourceTree = "<group>"; };
		731AA4592893586600C9F4AE /* PostDetailsViewController.m */ = {isa = PBXFileReference; lastKnownFileType = sourcecode.c.objc; name = PostDetailsViewController.m; path = "View Controllers/PostDetailsViewController.m"; sourceTree = "<group>"; };
		731AA45B2894425700C9F4AE /* TransitionAnimator.h */ = {isa = PBXFileReference; lastKnownFileType = sourcecode.c.h; name = TransitionAnimator.h; path = Models/TransitionAnimator.h; sourceTree = "<group>"; };
		731AA45C2894425700C9F4AE /* TransitionAnimator.m */ = {isa = PBXFileReference; lastKnownFileType = sourcecode.c.objc; name = TransitionAnimator.m; path = Models/TransitionAnimator.m; sourceTree = "<group>"; };
		731AA45E289448A800C9F4AE /* TransitionSegue.h */ = {isa = PBXFileReference; lastKnownFileType = sourcecode.c.h; name = TransitionSegue.h; path = Models/TransitionSegue.h; sourceTree = "<group>"; };
		731AA45F289448A800C9F4AE /* TransitionSegue.m */ = {isa = PBXFileReference; lastKnownFileType = sourcecode.c.objc; name = TransitionSegue.m; path = Models/TransitionSegue.m; sourceTree = "<group>"; };
		7344C928288A18D10017C4EB /* ProfileViewController.h */ = {isa = PBXFileReference; lastKnownFileType = sourcecode.c.h; name = ProfileViewController.h; path = "View Controllers/ProfileViewController.h"; sourceTree = "<group>"; };
		7344C929288A18D10017C4EB /* ProfileViewController.m */ = {isa = PBXFileReference; lastKnownFileType = sourcecode.c.objc; name = ProfileViewController.m; path = "View Controllers/ProfileViewController.m"; sourceTree = "<group>"; };
		73496B43287F83E600A1E77C /* LoginViewController.h */ = {isa = PBXFileReference; lastKnownFileType = sourcecode.c.h; name = LoginViewController.h; path = "View Controllers/LoginViewController.h"; sourceTree = "<group>"; };
		73496B44287F83E600A1E77C /* LoginViewController.m */ = {isa = PBXFileReference; lastKnownFileType = sourcecode.c.objc; name = LoginViewController.m; path = "View Controllers/LoginViewController.m"; sourceTree = "<group>"; };
		735236E0287745A7002BB65E /* SignUpViewController.h */ = {isa = PBXFileReference; lastKnownFileType = sourcecode.c.h; name = SignUpViewController.h; path = "View Controllers/SignUpViewController.h"; sourceTree = "<group>"; };
		735236E1287745A7002BB65E /* SignUpViewController.m */ = {isa = PBXFileReference; lastKnownFileType = sourcecode.c.objc; name = SignUpViewController.m; path = "View Controllers/SignUpViewController.m"; sourceTree = "<group>"; };
		735236E62877827C002BB65E /* HealthKit.framework */ = {isa = PBXFileReference; lastKnownFileType = wrapper.framework; name = HealthKit.framework; path = System/Library/Frameworks/HealthKit.framework; sourceTree = SDKROOT; };
		735236E828779600002BB65E /* SearchViewController.h */ = {isa = PBXFileReference; lastKnownFileType = sourcecode.c.h; name = SearchViewController.h; path = "View Controllers/SearchViewController.h"; sourceTree = "<group>"; };
		735236E928779600002BB65E /* SearchViewController.m */ = {isa = PBXFileReference; lastKnownFileType = sourcecode.c.objc; name = SearchViewController.m; path = "View Controllers/SearchViewController.m"; sourceTree = "<group>"; };
		735236EB2877A68D002BB65E /* Models */ = {isa = PBXFileReference; lastKnownFileType = folder; path = Models; sourceTree = "<group>"; };
		735236F02878913F002BB65E /* API */ = {isa = PBXFileReference; lastKnownFileType = folder; path = API; sourceTree = "<group>"; };
		737E430128887AE7004D0C13 /* ExerciseSharedManager.h */ = {isa = PBXFileReference; lastKnownFileType = sourcecode.c.h; name = ExerciseSharedManager.h; path = Managers/ExerciseSharedManager.h; sourceTree = "<group>"; };
		737E430228887AE7004D0C13 /* ExerciseSharedManager.m */ = {isa = PBXFileReference; lastKnownFileType = sourcecode.c.objc; name = ExerciseSharedManager.m; path = Managers/ExerciseSharedManager.m; sourceTree = "<group>"; };
		737E430428887B88004D0C13 /* HealthKitSharedManager.h */ = {isa = PBXFileReference; lastKnownFileType = sourcecode.c.h; name = HealthKitSharedManager.h; path = Managers/HealthKitSharedManager.h; sourceTree = "<group>"; };
		737E430528887B88004D0C13 /* HealthKitSharedManager.m */ = {isa = PBXFileReference; lastKnownFileType = sourcecode.c.objc; name = HealthKitSharedManager.m; path = Managers/HealthKitSharedManager.m; sourceTree = "<group>"; };
		739535C9287DF75100D1D4CF /* ExerciseAPIManager.m */ = {isa = PBXFileReference; fileEncoding = 4; lastKnownFileType = sourcecode.c.objc; name = ExerciseAPIManager.m; path = API/ExerciseAPIManager.m; sourceTree = "<group>"; };
		739535CA287DF75100D1D4CF /* ExerciseAPIManager.h */ = {isa = PBXFileReference; fileEncoding = 4; lastKnownFileType = sourcecode.c.h; name = ExerciseAPIManager.h; path = API/ExerciseAPIManager.h; sourceTree = "<group>"; };
		739535CC287DF79500D1D4CF /* Exercise.m */ = {isa = PBXFileReference; fileEncoding = 4; lastKnownFileType = sourcecode.c.objc; name = Exercise.m; path = Models/Exercise.m; sourceTree = "<group>"; };
		739535CD287DF79500D1D4CF /* Exercise.h */ = {isa = PBXFileReference; fileEncoding = 4; lastKnownFileType = sourcecode.c.h; name = Exercise.h; path = Models/Exercise.h; sourceTree = "<group>"; };
		739535CF287DF7B500D1D4CF /* ExerciseCell.h */ = {isa = PBXFileReference; fileEncoding = 4; lastKnownFileType = sourcecode.c.h; name = ExerciseCell.h; path = Cells/ExerciseCell.h; sourceTree = "<group>"; };
		739535D0287DF7B500D1D4CF /* ExerciseCell.m */ = {isa = PBXFileReference; fileEncoding = 4; lastKnownFileType = sourcecode.c.objc; name = ExerciseCell.m; path = Cells/ExerciseCell.m; sourceTree = "<group>"; };
		739535D2287DF7E600D1D4CF /* SearchCell.m */ = {isa = PBXFileReference; fileEncoding = 4; lastKnownFileType = sourcecode.c.objc; name = SearchCell.m; path = Cells/SearchCell.m; sourceTree = "<group>"; };
		739535D4287DF7E600D1D4CF /* SearchCell.h */ = {isa = PBXFileReference; fileEncoding = 4; lastKnownFileType = sourcecode.c.h; name = SearchCell.h; path = Cells/SearchCell.h; sourceTree = "<group>"; };
		73B22DA1287F3ABA002548DE /* Workout.h */ = {isa = PBXFileReference; lastKnownFileType = sourcecode.c.h; name = Workout.h; path = Models/Workout.h; sourceTree = "<group>"; };
		73B22DA2287F3ABA002548DE /* Workout.m */ = {isa = PBXFileReference; lastKnownFileType = sourcecode.c.objc; name = Workout.m; path = Models/Workout.m; sourceTree = "<group>"; };
		73B22DA4287F3DDD002548DE /* LibraryViewController.h */ = {isa = PBXFileReference; lastKnownFileType = sourcecode.c.h; name = LibraryViewController.h; path = "View Controllers/LibraryViewController.h"; sourceTree = "<group>"; };
		73B22DA5287F3DDD002548DE /* LibraryViewController.m */ = {isa = PBXFileReference; lastKnownFileType = sourcecode.c.objc; name = LibraryViewController.m; path = "View Controllers/LibraryViewController.m"; sourceTree = "<group>"; };
		73B22DA7287F3EBE002548DE /* SettingsViewController.h */ = {isa = PBXFileReference; lastKnownFileType = sourcecode.c.h; name = SettingsViewController.h; path = "View Controllers/SettingsViewController.h"; sourceTree = "<group>"; };
		73B22DA8287F3EBE002548DE /* SettingsViewController.m */ = {isa = PBXFileReference; lastKnownFileType = sourcecode.c.objc; name = SettingsViewController.m; path = "View Controllers/SettingsViewController.m"; sourceTree = "<group>"; };
		73B22DAB287F490A002548DE /* WorkoutCollectionViewCell.m */ = {isa = PBXFileReference; lastKnownFileType = sourcecode.c.objc; name = WorkoutCollectionViewCell.m; path = Cells/WorkoutCollectionViewCell.m; sourceTree = "<group>"; };
		73B22DAD287F64AA002548DE /* WorkoutCollectionViewCell.h */ = {isa = PBXFileReference; lastKnownFileType = sourcecode.c.h; name = WorkoutCollectionViewCell.h; path = Cells/WorkoutCollectionViewCell.h; sourceTree = "<group>"; };
		73B91B7428762EA500857F73 /* Wellthier.app */ = {isa = PBXFileReference; explicitFileType = wrapper.application; includeInIndex = 0; path = Wellthier.app; sourceTree = BUILT_PRODUCTS_DIR; };
		73B91B7728762EA500857F73 /* AppDelegate.h */ = {isa = PBXFileReference; lastKnownFileType = sourcecode.c.h; path = AppDelegate.h; sourceTree = "<group>"; };
		73B91B7828762EA500857F73 /* AppDelegate.m */ = {isa = PBXFileReference; lastKnownFileType = sourcecode.c.objc; path = AppDelegate.m; sourceTree = "<group>"; };
		73B91B7A28762EA500857F73 /* SceneDelegate.h */ = {isa = PBXFileReference; lastKnownFileType = sourcecode.c.h; path = SceneDelegate.h; sourceTree = "<group>"; };
		73B91B7B28762EA500857F73 /* SceneDelegate.m */ = {isa = PBXFileReference; lastKnownFileType = sourcecode.c.objc; path = SceneDelegate.m; sourceTree = "<group>"; };
		73B91B8128762EA500857F73 /* Base */ = {isa = PBXFileReference; lastKnownFileType = file.storyboard; name = Base; path = Base.lproj/Main.storyboard; sourceTree = "<group>"; };
		73B91B8328762EA700857F73 /* Assets.xcassets */ = {isa = PBXFileReference; lastKnownFileType = folder.assetcatalog; path = Assets.xcassets; sourceTree = "<group>"; };
		73B91B8628762EA700857F73 /* Base */ = {isa = PBXFileReference; lastKnownFileType = file.storyboard; name = Base; path = Base.lproj/LaunchScreen.storyboard; sourceTree = "<group>"; };
		73B91B8828762EA700857F73 /* Info.plist */ = {isa = PBXFileReference; lastKnownFileType = text.plist.xml; path = Info.plist; sourceTree = "<group>"; };
		73B91B8928762EA700857F73 /* main.m */ = {isa = PBXFileReference; lastKnownFileType = sourcecode.c.objc; path = main.m; sourceTree = "<group>"; };
		73B91B8F28762EA700857F73 /* WellthierTests.xctest */ = {isa = PBXFileReference; explicitFileType = wrapper.cfbundle; includeInIndex = 0; path = WellthierTests.xctest; sourceTree = BUILT_PRODUCTS_DIR; };
		73B91B9328762EA700857F73 /* WellthierTests.m */ = {isa = PBXFileReference; lastKnownFileType = sourcecode.c.objc; path = WellthierTests.m; sourceTree = "<group>"; };
		73B91B9928762EA700857F73 /* WellthierUITests.xctest */ = {isa = PBXFileReference; explicitFileType = wrapper.cfbundle; includeInIndex = 0; path = WellthierUITests.xctest; sourceTree = BUILT_PRODUCTS_DIR; };
		73B91B9D28762EA700857F73 /* WellthierUITests.m */ = {isa = PBXFileReference; lastKnownFileType = sourcecode.c.objc; path = WellthierUITests.m; sourceTree = "<group>"; };
		73B91B9F28762EA700857F73 /* WellthierUITestsLaunchTests.m */ = {isa = PBXFileReference; lastKnownFileType = sourcecode.c.objc; path = WellthierUITestsLaunchTests.m; sourceTree = "<group>"; };
		73B91BAD287632CE00857F73 /* View Controllers */ = {isa = PBXFileReference; lastKnownFileType = folder; path = "View Controllers"; sourceTree = "<group>"; };
		73CAFF9B28999727005E9706 /* Draft.h */ = {isa = PBXFileReference; lastKnownFileType = sourcecode.c.h; name = Draft.h; path = Models/Draft.h; sourceTree = "<group>"; };
		73CAFF9C28999728005E9706 /* Draft.m */ = {isa = PBXFileReference; lastKnownFileType = sourcecode.c.objc; name = Draft.m; path = Models/Draft.m; sourceTree = "<group>"; };
		73CAFFA128999C7F005E9706 /* DraftSharedManager.h */ = {isa = PBXFileReference; lastKnownFileType = sourcecode.c.h; name = DraftSharedManager.h; path = Managers/DraftSharedManager.h; sourceTree = "<group>"; };
		73CAFFA228999C7F005E9706 /* DraftSharedManager.m */ = {isa = PBXFileReference; lastKnownFileType = sourcecode.c.objc; name = DraftSharedManager.m; path = Managers/DraftSharedManager.m; sourceTree = "<group>"; };
		73DE058D2885BE5B00CAB9F6 /* Cells */ = {isa = PBXFileReference; lastKnownFileType = folder; path = Cells; sourceTree = "<group>"; };
		73DE05922885CEDF00CAB9F6 /* NewWorkoutViewController.h */ = {isa = PBXFileReference; lastKnownFileType = sourcecode.c.h; name = NewWorkoutViewController.h; path = "View Controllers/NewWorkoutViewController.h"; sourceTree = "<group>"; };
		73DE05932885CEDF00CAB9F6 /* NewWorkoutViewController.m */ = {isa = PBXFileReference; lastKnownFileType = sourcecode.c.objc; name = NewWorkoutViewController.m; path = "View Controllers/NewWorkoutViewController.m"; sourceTree = "<group>"; };
		73DE05952885E04700CAB9F6 /* AddToWorkoutViewController.h */ = {isa = PBXFileReference; lastKnownFileType = sourcecode.c.h; name = AddToWorkoutViewController.h; path = "View Controllers/AddToWorkoutViewController.h"; sourceTree = "<group>"; };
		73DE05962885E04700CAB9F6 /* AddToWorkoutViewController.m */ = {isa = PBXFileReference; lastKnownFileType = sourcecode.c.objc; name = AddToWorkoutViewController.m; path = "View Controllers/AddToWorkoutViewController.m"; sourceTree = "<group>"; };
		73DE05982885E11100CAB9F6 /* WorkoutTableViewCell.h */ = {isa = PBXFileReference; lastKnownFileType = sourcecode.c.h; name = WorkoutTableViewCell.h; path = Cells/WorkoutTableViewCell.h; sourceTree = "<group>"; };
		73DE05992885E11100CAB9F6 /* WorkoutTableViewCell.m */ = {isa = PBXFileReference; lastKnownFileType = sourcecode.c.objc; name = WorkoutTableViewCell.m; path = Cells/WorkoutTableViewCell.m; sourceTree = "<group>"; };
		73E55CA22880B78000D9B73F /* WorkoutViewController.h */ = {isa = PBXFileReference; lastKnownFileType = sourcecode.c.h; name = WorkoutViewController.h; path = "View Controllers/WorkoutViewController.h"; sourceTree = "<group>"; };
		73E55CA32880B78000D9B73F /* WorkoutViewController.m */ = {isa = PBXFileReference; lastKnownFileType = sourcecode.c.objc; name = WorkoutViewController.m; path = "View Controllers/WorkoutViewController.m"; sourceTree = "<group>"; };
		73E5EAE5287F3792008E3BC1 /* GifViewController.h */ = {isa = PBXFileReference; lastKnownFileType = sourcecode.c.h; name = GifViewController.h; path = "View Controllers/GifViewController.h"; sourceTree = "<group>"; };
		73E5EAE6287F3792008E3BC1 /* GifViewController.m */ = {isa = PBXFileReference; lastKnownFileType = sourcecode.c.objc; name = GifViewController.m; path = "View Controllers/GifViewController.m"; sourceTree = "<group>"; };
		A44740A45D23BA248963FB1B /* Pods_Wellthier_WellthierUITests.framework */ = {isa = PBXFileReference; explicitFileType = wrapper.framework; includeInIndex = 0; path = Pods_Wellthier_WellthierUITests.framework; sourceTree = BUILT_PRODUCTS_DIR; };
		B50347A7FFD4FFC4FEA8C3B0 /* Pods-Wellthier-WellthierUITests.debug.xcconfig */ = {isa = PBXFileReference; includeInIndex = 1; lastKnownFileType = text.xcconfig; name = "Pods-Wellthier-WellthierUITests.debug.xcconfig"; path = "Target Support Files/Pods-Wellthier-WellthierUITests/Pods-Wellthier-WellthierUITests.debug.xcconfig"; sourceTree = "<group>"; };
		C8699F23106F104BBFBB9A4E /* Pods-Wellthier-WellthierUITests.release.xcconfig */ = {isa = PBXFileReference; includeInIndex = 1; lastKnownFileType = text.xcconfig; name = "Pods-Wellthier-WellthierUITests.release.xcconfig"; path = "Target Support Files/Pods-Wellthier-WellthierUITests/Pods-Wellthier-WellthierUITests.release.xcconfig"; sourceTree = "<group>"; };
		DE365CA49EA2890D9F7E56A7 /* Pods_Wellthier.framework */ = {isa = PBXFileReference; explicitFileType = wrapper.framework; includeInIndex = 0; path = Pods_Wellthier.framework; sourceTree = BUILT_PRODUCTS_DIR; };
		EFBD4FB236AF05A65C2B02F7 /* Pods-Wellthier.release.xcconfig */ = {isa = PBXFileReference; includeInIndex = 1; lastKnownFileType = text.xcconfig; name = "Pods-Wellthier.release.xcconfig"; path = "Target Support Files/Pods-Wellthier/Pods-Wellthier.release.xcconfig"; sourceTree = "<group>"; };
		F418393A7448C5DFFB776181 /* Pods-WellthierTests.debug.xcconfig */ = {isa = PBXFileReference; includeInIndex = 1; lastKnownFileType = text.xcconfig; name = "Pods-WellthierTests.debug.xcconfig"; path = "Target Support Files/Pods-WellthierTests/Pods-WellthierTests.debug.xcconfig"; sourceTree = "<group>"; };
/* End PBXFileReference section */

/* Begin PBXFrameworksBuildPhase section */
		73B91B7128762EA500857F73 /* Frameworks */ = {
			isa = PBXFrameworksBuildPhase;
			buildActionMask = 2147483647;
			files = (
				FA17B6F140A560E7931667F7 /* Pods_Wellthier.framework in Frameworks */,
				735236E72877827C002BB65E /* HealthKit.framework in Frameworks */,
			);
			runOnlyForDeploymentPostprocessing = 0;
		};
		73B91B8C28762EA700857F73 /* Frameworks */ = {
			isa = PBXFrameworksBuildPhase;
			buildActionMask = 2147483647;
			files = (
				118392E7340E4C03EE2B1B08 /* Pods_WellthierTests.framework in Frameworks */,
			);
			runOnlyForDeploymentPostprocessing = 0;
		};
		73B91B9628762EA700857F73 /* Frameworks */ = {
			isa = PBXFrameworksBuildPhase;
			buildActionMask = 2147483647;
			files = (
				7DEE59C124C6097B1AA7133A /* Pods_Wellthier_WellthierUITests.framework in Frameworks */,
			);
			runOnlyForDeploymentPostprocessing = 0;
		};
/* End PBXFrameworksBuildPhase section */

/* Begin PBXGroup section */
		1138062957852184F3862F92 /* Frameworks */ = {
			isa = PBXGroup;
			children = (
				735236E62877827C002BB65E /* HealthKit.framework */,
				DE365CA49EA2890D9F7E56A7 /* Pods_Wellthier.framework */,
				A44740A45D23BA248963FB1B /* Pods_Wellthier_WellthierUITests.framework */,
				6ADD19855118EE1AE42A6A37 /* Pods_WellthierTests.framework */,
			);
			name = Frameworks;
			sourceTree = "<group>";
		};
		4E2C2FCAA658489E9FAC4F4C /* Pods */ = {
			isa = PBXGroup;
			children = (
				62622D26D2304DE596E8011C /* Pods-Wellthier.debug.xcconfig */,
				EFBD4FB236AF05A65C2B02F7 /* Pods-Wellthier.release.xcconfig */,
				B50347A7FFD4FFC4FEA8C3B0 /* Pods-Wellthier-WellthierUITests.debug.xcconfig */,
				C8699F23106F104BBFBB9A4E /* Pods-Wellthier-WellthierUITests.release.xcconfig */,
				F418393A7448C5DFFB776181 /* Pods-WellthierTests.debug.xcconfig */,
				2BA6A5B4169932F6BB81A73C /* Pods-WellthierTests.release.xcconfig */,
			);
			path = Pods;
			sourceTree = "<group>";
		};
		73B91B6B28762EA500857F73 = {
			isa = PBXGroup;
			children = (
				73B91B7628762EA500857F73 /* Wellthier */,
				73B91B9228762EA700857F73 /* WellthierTests */,
				73B91B9C28762EA700857F73 /* WellthierUITests */,
				73B91B7528762EA500857F73 /* Products */,
				4E2C2FCAA658489E9FAC4F4C /* Pods */,
				1138062957852184F3862F92 /* Frameworks */,
			);
			sourceTree = "<group>";
		};
		73B91B7528762EA500857F73 /* Products */ = {
			isa = PBXGroup;
			children = (
				73B91B7428762EA500857F73 /* Wellthier.app */,
				73B91B8F28762EA700857F73 /* WellthierTests.xctest */,
				73B91B9928762EA700857F73 /* WellthierUITests.xctest */,
			);
			name = Products;
			sourceTree = "<group>";
		};
		73B91B7628762EA500857F73 /* Wellthier */ = {
			isa = PBXGroup;
			children = (
				7300D03F288879950057FEEB /* Managers */,
				7300D03B28886EE20057FEEB /* Wellthier.entitlements */,
				73DE058D2885BE5B00CAB9F6 /* Cells */,
				739535D4287DF7E600D1D4CF /* SearchCell.h */,
				739535D2287DF7E600D1D4CF /* SearchCell.m */,
				739535CF287DF7B500D1D4CF /* ExerciseCell.h */,
				739535D0287DF7B500D1D4CF /* ExerciseCell.m */,
				739535CD287DF79500D1D4CF /* Exercise.h */,
				739535CC287DF79500D1D4CF /* Exercise.m */,
				739535CA287DF75100D1D4CF /* ExerciseAPIManager.h */,
				739535C9287DF75100D1D4CF /* ExerciseAPIManager.m */,
				735236F02878913F002BB65E /* API */,
				73B91BAD287632CE00857F73 /* View Controllers */,
				735236EB2877A68D002BB65E /* Models */,
				73B91B7728762EA500857F73 /* AppDelegate.h */,
				73B91B7828762EA500857F73 /* AppDelegate.m */,
				73B91B7A28762EA500857F73 /* SceneDelegate.h */,
				73B91B7B28762EA500857F73 /* SceneDelegate.m */,
				73B91B8028762EA500857F73 /* Main.storyboard */,
				7300D02F288756AB0057FEEB /* WorkoutFeedViewController.h */,
				7300D030288756AB0057FEEB /* WorkoutFeedViewController.m */,
				735236E828779600002BB65E /* SearchViewController.h */,
				735236E928779600002BB65E /* SearchViewController.m */,
				735236E0287745A7002BB65E /* SignUpViewController.h */,
				735236E1287745A7002BB65E /* SignUpViewController.m */,
				73B91B8328762EA700857F73 /* Assets.xcassets */,
				73B91B8528762EA700857F73 /* LaunchScreen.storyboard */,
				73B91B8828762EA700857F73 /* Info.plist */,
				73B91B8928762EA700857F73 /* main.m */,
				73E5EAE5287F3792008E3BC1 /* GifViewController.h */,
				73E5EAE6287F3792008E3BC1 /* GifViewController.m */,
				73B22DA1287F3ABA002548DE /* Workout.h */,
				73B22DA2287F3ABA002548DE /* Workout.m */,
				73B22DA4287F3DDD002548DE /* LibraryViewController.h */,
				73B22DA5287F3DDD002548DE /* LibraryViewController.m */,
				73B22DA7287F3EBE002548DE /* SettingsViewController.h */,
				73B22DA8287F3EBE002548DE /* SettingsViewController.m */,
				73B22DAB287F490A002548DE /* WorkoutCollectionViewCell.m */,
				73B22DAD287F64AA002548DE /* WorkoutCollectionViewCell.h */,
				73496B43287F83E600A1E77C /* LoginViewController.h */,
				73496B44287F83E600A1E77C /* LoginViewController.m */,
				73E55CA22880B78000D9B73F /* WorkoutViewController.h */,
				73E55CA32880B78000D9B73F /* WorkoutViewController.m */,
				73DE05922885CEDF00CAB9F6 /* NewWorkoutViewController.h */,
				73DE05932885CEDF00CAB9F6 /* NewWorkoutViewController.m */,
				73DE05952885E04700CAB9F6 /* AddToWorkoutViewController.h */,
				73DE05962885E04700CAB9F6 /* AddToWorkoutViewController.m */,
				73DE05982885E11100CAB9F6 /* WorkoutTableViewCell.h */,
				73DE05992885E11100CAB9F6 /* WorkoutTableViewCell.m */,
				7300D03228876B6B0057FEEB /* PostCell.h */,
				7300D03328876B6B0057FEEB /* PostCell.m */,
				7300D03528876E200057FEEB /* ComposeViewController.h */,
				7300D03628876E200057FEEB /* ComposeViewController.m */,
				7300D038288863640057FEEB /* Post.h */,
				7300D039288863640057FEEB /* Post.m */,
				737E430128887AE7004D0C13 /* ExerciseSharedManager.h */,
				737E430228887AE7004D0C13 /* ExerciseSharedManager.m */,
				737E430428887B88004D0C13 /* HealthKitSharedManager.h */,
				737E430528887B88004D0C13 /* HealthKitSharedManager.m */,
				7344C928288A18D10017C4EB /* ProfileViewController.h */,
				7344C929288A18D10017C4EB /* ProfileViewController.m */,
				731AA44C288F527200C9F4AE /* HealthKitWorkoutsViewController.h */,
				731AA44D288F527200C9F4AE /* HealthKitWorkoutsViewController.m */,
				731AA44F288F537700C9F4AE /* HealthKitWorkoutTableViewCell.h */,
				731AA450288F537700C9F4AE /* HealthKitWorkoutTableViewCell.m */,
				731AA4552893041A00C9F4AE /* MainTabBarController.h */,
				731AA4562893041A00C9F4AE /* MainTabBarController.m */,
				731AA4582893586600C9F4AE /* PostDetailsViewController.h */,
				731AA4592893586600C9F4AE /* PostDetailsViewController.m */,
				731AA45B2894425700C9F4AE /* TransitionAnimator.h */,
				731AA45C2894425700C9F4AE /* TransitionAnimator.m */,
				731AA45E289448A800C9F4AE /* TransitionSegue.h */,
				731AA45F289448A800C9F4AE /* TransitionSegue.m */,
				73CAFF9B28999727005E9706 /* Draft.h */,
				73CAFF9C28999728005E9706 /* Draft.m */,
				73CAFFA128999C7F005E9706 /* DraftSharedManager.h */,
				73CAFFA228999C7F005E9706 /* DraftSharedManager.m */,
			);
			path = Wellthier;
			sourceTree = "<group>";
		};
		73B91B9228762EA700857F73 /* WellthierTests */ = {
			isa = PBXGroup;
			children = (
				73B91B9328762EA700857F73 /* WellthierTests.m */,
			);
			path = WellthierTests;
			sourceTree = "<group>";
		};
		73B91B9C28762EA700857F73 /* WellthierUITests */ = {
			isa = PBXGroup;
			children = (
				73B91B9D28762EA700857F73 /* WellthierUITests.m */,
				73B91B9F28762EA700857F73 /* WellthierUITestsLaunchTests.m */,
			);
			path = WellthierUITests;
			sourceTree = "<group>";
		};
/* End PBXGroup section */

/* Begin PBXNativeTarget section */
		73B91B7328762EA500857F73 /* Wellthier */ = {
			isa = PBXNativeTarget;
			buildConfigurationList = 73B91BA328762EA700857F73 /* Build configuration list for PBXNativeTarget "Wellthier" */;
			buildPhases = (
				B19164C783B1DD06DE720FDB /* [CP] Check Pods Manifest.lock */,
				73B91B7028762EA500857F73 /* Sources */,
				73B91B7128762EA500857F73 /* Frameworks */,
				73B91B7228762EA500857F73 /* Resources */,
				D722212FBF943135F9BF747B /* [CP] Embed Pods Frameworks */,
			);
			buildRules = (
			);
			dependencies = (
			);
			name = Wellthier;
			productName = Wellthier;
			productReference = 73B91B7428762EA500857F73 /* Wellthier.app */;
			productType = "com.apple.product-type.application";
		};
		73B91B8E28762EA700857F73 /* WellthierTests */ = {
			isa = PBXNativeTarget;
			buildConfigurationList = 73B91BA628762EA700857F73 /* Build configuration list for PBXNativeTarget "WellthierTests" */;
			buildPhases = (
				60E8943EE333BA6BA273E605 /* [CP] Check Pods Manifest.lock */,
				73B91B8B28762EA700857F73 /* Sources */,
				73B91B8C28762EA700857F73 /* Frameworks */,
				73B91B8D28762EA700857F73 /* Resources */,
			);
			buildRules = (
			);
			dependencies = (
				73B91B9128762EA700857F73 /* PBXTargetDependency */,
			);
			name = WellthierTests;
			productName = WellthierTests;
			productReference = 73B91B8F28762EA700857F73 /* WellthierTests.xctest */;
			productType = "com.apple.product-type.bundle.unit-test";
		};
		73B91B9828762EA700857F73 /* WellthierUITests */ = {
			isa = PBXNativeTarget;
			buildConfigurationList = 73B91BA928762EA700857F73 /* Build configuration list for PBXNativeTarget "WellthierUITests" */;
			buildPhases = (
				5C442B97AADD768848B21E9A /* [CP] Check Pods Manifest.lock */,
				73B91B9528762EA700857F73 /* Sources */,
				73B91B9628762EA700857F73 /* Frameworks */,
				73B91B9728762EA700857F73 /* Resources */,
				CC17C7B3F9E2C1520F187E46 /* [CP] Embed Pods Frameworks */,
			);
			buildRules = (
			);
			dependencies = (
				73B91B9B28762EA700857F73 /* PBXTargetDependency */,
			);
			name = WellthierUITests;
			productName = WellthierUITests;
			productReference = 73B91B9928762EA700857F73 /* WellthierUITests.xctest */;
			productType = "com.apple.product-type.bundle.ui-testing";
		};
/* End PBXNativeTarget section */

/* Begin PBXProject section */
		73B91B6C28762EA500857F73 /* Project object */ = {
			isa = PBXProject;
			attributes = {
				BuildIndependentTargetsInParallel = 1;
				LastUpgradeCheck = 1340;
				TargetAttributes = {
					73B91B7328762EA500857F73 = {
						CreatedOnToolsVersion = 13.4;
					};
					73B91B8E28762EA700857F73 = {
						CreatedOnToolsVersion = 13.4;
						TestTargetID = 73B91B7328762EA500857F73;
					};
					73B91B9828762EA700857F73 = {
						CreatedOnToolsVersion = 13.4;
						TestTargetID = 73B91B7328762EA500857F73;
					};
				};
			};
			buildConfigurationList = 73B91B6F28762EA500857F73 /* Build configuration list for PBXProject "Wellthier" */;
			compatibilityVersion = "Xcode 13.0";
			developmentRegion = en;
			hasScannedForEncodings = 0;
			knownRegions = (
				en,
				Base,
			);
			mainGroup = 73B91B6B28762EA500857F73;
			productRefGroup = 73B91B7528762EA500857F73 /* Products */;
			projectDirPath = "";
			projectRoot = "";
			targets = (
				73B91B7328762EA500857F73 /* Wellthier */,
				73B91B8E28762EA700857F73 /* WellthierTests */,
				73B91B9828762EA700857F73 /* WellthierUITests */,
			);
		};
/* End PBXProject section */

/* Begin PBXResourcesBuildPhase section */
		73B91B7228762EA500857F73 /* Resources */ = {
			isa = PBXResourcesBuildPhase;
			buildActionMask = 2147483647;
			files = (
				73B91B8728762EA700857F73 /* LaunchScreen.storyboard in Resources */,
				73B91B8428762EA700857F73 /* Assets.xcassets in Resources */,
				73DE058E2885BE5B00CAB9F6 /* Cells in Resources */,
				73B91BAE287632CE00857F73 /* View Controllers in Resources */,
				735236F12878913F002BB65E /* API in Resources */,
				73B91B8228762EA500857F73 /* Main.storyboard in Resources */,
				7300D040288879950057FEEB /* Managers in Resources */,
				735236EC2877A68D002BB65E /* Models in Resources */,
			);
			runOnlyForDeploymentPostprocessing = 0;
		};
		73B91B8D28762EA700857F73 /* Resources */ = {
			isa = PBXResourcesBuildPhase;
			buildActionMask = 2147483647;
			files = (
			);
			runOnlyForDeploymentPostprocessing = 0;
		};
		73B91B9728762EA700857F73 /* Resources */ = {
			isa = PBXResourcesBuildPhase;
			buildActionMask = 2147483647;
			files = (
			);
			runOnlyForDeploymentPostprocessing = 0;
		};
/* End PBXResourcesBuildPhase section */

/* Begin PBXShellScriptBuildPhase section */
		5C442B97AADD768848B21E9A /* [CP] Check Pods Manifest.lock */ = {
			isa = PBXShellScriptBuildPhase;
			buildActionMask = 2147483647;
			files = (
			);
			inputFileListPaths = (
			);
			inputPaths = (
				"${PODS_PODFILE_DIR_PATH}/Podfile.lock",
				"${PODS_ROOT}/Manifest.lock",
			);
			name = "[CP] Check Pods Manifest.lock";
			outputFileListPaths = (
			);
			outputPaths = (
				"$(DERIVED_FILE_DIR)/Pods-Wellthier-WellthierUITests-checkManifestLockResult.txt",
			);
			runOnlyForDeploymentPostprocessing = 0;
			shellPath = /bin/sh;
			shellScript = "diff \"${PODS_PODFILE_DIR_PATH}/Podfile.lock\" \"${PODS_ROOT}/Manifest.lock\" > /dev/null\nif [ $? != 0 ] ; then\n    # print error to STDERR\n    echo \"error: The sandbox is not in sync with the Podfile.lock. Run 'pod install' or update your CocoaPods installation.\" >&2\n    exit 1\nfi\n# This output is used by Xcode 'outputs' to avoid re-running this script phase.\necho \"SUCCESS\" > \"${SCRIPT_OUTPUT_FILE_0}\"\n";
			showEnvVarsInLog = 0;
		};
		60E8943EE333BA6BA273E605 /* [CP] Check Pods Manifest.lock */ = {
			isa = PBXShellScriptBuildPhase;
			buildActionMask = 2147483647;
			files = (
			);
			inputFileListPaths = (
			);
			inputPaths = (
				"${PODS_PODFILE_DIR_PATH}/Podfile.lock",
				"${PODS_ROOT}/Manifest.lock",
			);
			name = "[CP] Check Pods Manifest.lock";
			outputFileListPaths = (
			);
			outputPaths = (
				"$(DERIVED_FILE_DIR)/Pods-WellthierTests-checkManifestLockResult.txt",
			);
			runOnlyForDeploymentPostprocessing = 0;
			shellPath = /bin/sh;
			shellScript = "diff \"${PODS_PODFILE_DIR_PATH}/Podfile.lock\" \"${PODS_ROOT}/Manifest.lock\" > /dev/null\nif [ $? != 0 ] ; then\n    # print error to STDERR\n    echo \"error: The sandbox is not in sync with the Podfile.lock. Run 'pod install' or update your CocoaPods installation.\" >&2\n    exit 1\nfi\n# This output is used by Xcode 'outputs' to avoid re-running this script phase.\necho \"SUCCESS\" > \"${SCRIPT_OUTPUT_FILE_0}\"\n";
			showEnvVarsInLog = 0;
		};
		B19164C783B1DD06DE720FDB /* [CP] Check Pods Manifest.lock */ = {
			isa = PBXShellScriptBuildPhase;
			buildActionMask = 2147483647;
			files = (
			);
			inputFileListPaths = (
			);
			inputPaths = (
				"${PODS_PODFILE_DIR_PATH}/Podfile.lock",
				"${PODS_ROOT}/Manifest.lock",
			);
			name = "[CP] Check Pods Manifest.lock";
			outputFileListPaths = (
			);
			outputPaths = (
				"$(DERIVED_FILE_DIR)/Pods-Wellthier-checkManifestLockResult.txt",
			);
			runOnlyForDeploymentPostprocessing = 0;
			shellPath = /bin/sh;
			shellScript = "diff \"${PODS_PODFILE_DIR_PATH}/Podfile.lock\" \"${PODS_ROOT}/Manifest.lock\" > /dev/null\nif [ $? != 0 ] ; then\n    # print error to STDERR\n    echo \"error: The sandbox is not in sync with the Podfile.lock. Run 'pod install' or update your CocoaPods installation.\" >&2\n    exit 1\nfi\n# This output is used by Xcode 'outputs' to avoid re-running this script phase.\necho \"SUCCESS\" > \"${SCRIPT_OUTPUT_FILE_0}\"\n";
			showEnvVarsInLog = 0;
		};
		CC17C7B3F9E2C1520F187E46 /* [CP] Embed Pods Frameworks */ = {
			isa = PBXShellScriptBuildPhase;
			buildActionMask = 2147483647;
			files = (
			);
			inputFileListPaths = (
				"${PODS_ROOT}/Target Support Files/Pods-Wellthier-WellthierUITests/Pods-Wellthier-WellthierUITests-frameworks-${CONFIGURATION}-input-files.xcfilelist",
			);
			name = "[CP] Embed Pods Frameworks";
			outputFileListPaths = (
				"${PODS_ROOT}/Target Support Files/Pods-Wellthier-WellthierUITests/Pods-Wellthier-WellthierUITests-frameworks-${CONFIGURATION}-output-files.xcfilelist",
			);
			runOnlyForDeploymentPostprocessing = 0;
			shellPath = /bin/sh;
			shellScript = "\"${PODS_ROOT}/Target Support Files/Pods-Wellthier-WellthierUITests/Pods-Wellthier-WellthierUITests-frameworks.sh\"\n";
			showEnvVarsInLog = 0;
		};
		D722212FBF943135F9BF747B /* [CP] Embed Pods Frameworks */ = {
			isa = PBXShellScriptBuildPhase;
			buildActionMask = 2147483647;
			files = (
			);
			inputFileListPaths = (
				"${PODS_ROOT}/Target Support Files/Pods-Wellthier/Pods-Wellthier-frameworks-${CONFIGURATION}-input-files.xcfilelist",
			);
			name = "[CP] Embed Pods Frameworks";
			outputFileListPaths = (
				"${PODS_ROOT}/Target Support Files/Pods-Wellthier/Pods-Wellthier-frameworks-${CONFIGURATION}-output-files.xcfilelist",
			);
			runOnlyForDeploymentPostprocessing = 0;
			shellPath = /bin/sh;
			shellScript = "\"${PODS_ROOT}/Target Support Files/Pods-Wellthier/Pods-Wellthier-frameworks.sh\"\n";
			showEnvVarsInLog = 0;
		};
/* End PBXShellScriptBuildPhase section */

/* Begin PBXSourcesBuildPhase section */
		73B91B7028762EA500857F73 /* Sources */ = {
			isa = PBXSourcesBuildPhase;
			buildActionMask = 2147483647;
			files = (
				731AA45D2894425700C9F4AE /* TransitionAnimator.m in Sources */,
				735236E2287745A7002BB65E /* SignUpViewController.m in Sources */,
				73B91B7928762EA500857F73 /* AppDelegate.m in Sources */,
				73B91B8A28762EA700857F73 /* main.m in Sources */,
				73CAFFA328999C7F005E9706 /* DraftSharedManager.m in Sources */,
				73E5EAE7287F3792008E3BC1 /* GifViewController.m in Sources */,
				737E430628887B88004D0C13 /* HealthKitSharedManager.m in Sources */,
				73DE059A2885E11100CAB9F6 /* WorkoutTableViewCell.m in Sources */,
				739535D1287DF7B500D1D4CF /* ExerciseCell.m in Sources */,
				73496B45287F83E600A1E77C /* LoginViewController.m in Sources */,
				73E55CA42880B78000D9B73F /* WorkoutViewController.m in Sources */,
				73B22DA6287F3DDD002548DE /* LibraryViewController.m in Sources */,
				739535CB287DF75100D1D4CF /* ExerciseAPIManager.m in Sources */,
				73CAFF9D28999728005E9706 /* Draft.m in Sources */,
				739535CE287DF79500D1D4CF /* Exercise.m in Sources */,
				731AA44E288F527200C9F4AE /* HealthKitWorkoutsViewController.m in Sources */,
				739535D6287DF7E600D1D4CF /* SearchCell.m in Sources */,
				73B91B7C28762EA500857F73 /* SceneDelegate.m in Sources */,
				731AA460289448A800C9F4AE /* TransitionSegue.m in Sources */,
				731AA451288F537700C9F4AE /* HealthKitWorkoutTableViewCell.m in Sources */,
				7300D03A288863640057FEEB /* Post.m in Sources */,
				731AA45A2893586600C9F4AE /* PostDetailsViewController.m in Sources */,
				7300D03728876E200057FEEB /* ComposeViewController.m in Sources */,
				73B22DAC287F490A002548DE /* WorkoutCollectionViewCell.m in Sources */,
				73DE05942885CEDF00CAB9F6 /* NewWorkoutViewController.m in Sources */,
				7344C92A288A18D10017C4EB /* ProfileViewController.m in Sources */,
				735236EA28779600002BB65E /* SearchViewController.m in Sources */,
				7300D031288756AB0057FEEB /* WorkoutFeedViewController.m in Sources */,
				73DE05972885E04700CAB9F6 /* AddToWorkoutViewController.m in Sources */,
				737E430328887AE7004D0C13 /* ExerciseSharedManager.m in Sources */,
				7300D03428876B6B0057FEEB /* PostCell.m in Sources */,
				73B22DA3287F3ABA002548DE /* Workout.m in Sources */,
				731AA4572893041A00C9F4AE /* MainTabBarController.m in Sources */,
				73B22DA9287F3EBE002548DE /* SettingsViewController.m in Sources */,
			);
			runOnlyForDeploymentPostprocessing = 0;
		};
		73B91B8B28762EA700857F73 /* Sources */ = {
			isa = PBXSourcesBuildPhase;
			buildActionMask = 2147483647;
			files = (
				73B91B9428762EA700857F73 /* WellthierTests.m in Sources */,
			);
			runOnlyForDeploymentPostprocessing = 0;
		};
		73B91B9528762EA700857F73 /* Sources */ = {
			isa = PBXSourcesBuildPhase;
			buildActionMask = 2147483647;
			files = (
				73B91B9E28762EA700857F73 /* WellthierUITests.m in Sources */,
				73B91BA028762EA700857F73 /* WellthierUITestsLaunchTests.m in Sources */,
			);
			runOnlyForDeploymentPostprocessing = 0;
		};
/* End PBXSourcesBuildPhase section */

/* Begin PBXTargetDependency section */
		73B91B9128762EA700857F73 /* PBXTargetDependency */ = {
			isa = PBXTargetDependency;
			target = 73B91B7328762EA500857F73 /* Wellthier */;
			targetProxy = 73B91B9028762EA700857F73 /* PBXContainerItemProxy */;
		};
		73B91B9B28762EA700857F73 /* PBXTargetDependency */ = {
			isa = PBXTargetDependency;
			target = 73B91B7328762EA500857F73 /* Wellthier */;
			targetProxy = 73B91B9A28762EA700857F73 /* PBXContainerItemProxy */;
		};
/* End PBXTargetDependency section */

/* Begin PBXVariantGroup section */
		73B91B8028762EA500857F73 /* Main.storyboard */ = {
			isa = PBXVariantGroup;
			children = (
				73B91B8128762EA500857F73 /* Base */,
			);
			name = Main.storyboard;
			sourceTree = "<group>";
		};
		73B91B8528762EA700857F73 /* LaunchScreen.storyboard */ = {
			isa = PBXVariantGroup;
			children = (
				73B91B8628762EA700857F73 /* Base */,
			);
			name = LaunchScreen.storyboard;
			sourceTree = "<group>";
		};
/* End PBXVariantGroup section */

/* Begin XCBuildConfiguration section */
		73B91BA128762EA700857F73 /* Debug */ = {
			isa = XCBuildConfiguration;
			buildSettings = {
				ALWAYS_SEARCH_USER_PATHS = NO;
				CLANG_ANALYZER_NONNULL = YES;
				CLANG_ANALYZER_NUMBER_OBJECT_CONVERSION = YES_AGGRESSIVE;
				CLANG_CXX_LANGUAGE_STANDARD = "gnu++17";
				CLANG_ENABLE_MODULES = YES;
				CLANG_ENABLE_OBJC_ARC = YES;
				CLANG_ENABLE_OBJC_WEAK = YES;
				CLANG_WARN_BLOCK_CAPTURE_AUTORELEASING = YES;
				CLANG_WARN_BOOL_CONVERSION = YES;
				CLANG_WARN_COMMA = YES;
				CLANG_WARN_CONSTANT_CONVERSION = YES;
				CLANG_WARN_DEPRECATED_OBJC_IMPLEMENTATIONS = YES;
				CLANG_WARN_DIRECT_OBJC_ISA_USAGE = YES_ERROR;
				CLANG_WARN_DOCUMENTATION_COMMENTS = YES;
				CLANG_WARN_EMPTY_BODY = YES;
				CLANG_WARN_ENUM_CONVERSION = YES;
				CLANG_WARN_INFINITE_RECURSION = YES;
				CLANG_WARN_INT_CONVERSION = YES;
				CLANG_WARN_NON_LITERAL_NULL_CONVERSION = YES;
				CLANG_WARN_OBJC_IMPLICIT_RETAIN_SELF = YES;
				CLANG_WARN_OBJC_LITERAL_CONVERSION = YES;
				CLANG_WARN_OBJC_ROOT_CLASS = YES_ERROR;
				CLANG_WARN_QUOTED_INCLUDE_IN_FRAMEWORK_HEADER = YES;
				CLANG_WARN_RANGE_LOOP_ANALYSIS = YES;
				CLANG_WARN_STRICT_PROTOTYPES = YES;
				CLANG_WARN_SUSPICIOUS_MOVE = YES;
				CLANG_WARN_UNGUARDED_AVAILABILITY = YES_AGGRESSIVE;
				CLANG_WARN_UNREACHABLE_CODE = YES;
				CLANG_WARN__DUPLICATE_METHOD_MATCH = YES;
				COPY_PHASE_STRIP = NO;
				DEBUG_INFORMATION_FORMAT = dwarf;
				ENABLE_STRICT_OBJC_MSGSEND = YES;
				ENABLE_TESTABILITY = YES;
				GCC_C_LANGUAGE_STANDARD = gnu11;
				GCC_DYNAMIC_NO_PIC = NO;
				GCC_NO_COMMON_BLOCKS = YES;
				GCC_OPTIMIZATION_LEVEL = 0;
				GCC_PREPROCESSOR_DEFINITIONS = (
					"DEBUG=1",
					"$(inherited)",
				);
				GCC_WARN_64_TO_32_BIT_CONVERSION = YES;
				GCC_WARN_ABOUT_RETURN_TYPE = YES_ERROR;
				GCC_WARN_UNDECLARED_SELECTOR = YES;
				GCC_WARN_UNINITIALIZED_AUTOS = YES_AGGRESSIVE;
				GCC_WARN_UNUSED_FUNCTION = YES;
				GCC_WARN_UNUSED_VARIABLE = YES;
				IPHONEOS_DEPLOYMENT_TARGET = 15.5;
				MTL_ENABLE_DEBUG_INFO = INCLUDE_SOURCE;
				MTL_FAST_MATH = YES;
				ONLY_ACTIVE_ARCH = YES;
				SDKROOT = iphoneos;
			};
			name = Debug;
		};
		73B91BA228762EA700857F73 /* Release */ = {
			isa = XCBuildConfiguration;
			buildSettings = {
				ALWAYS_SEARCH_USER_PATHS = NO;
				CLANG_ANALYZER_NONNULL = YES;
				CLANG_ANALYZER_NUMBER_OBJECT_CONVERSION = YES_AGGRESSIVE;
				CLANG_CXX_LANGUAGE_STANDARD = "gnu++17";
				CLANG_ENABLE_MODULES = YES;
				CLANG_ENABLE_OBJC_ARC = YES;
				CLANG_ENABLE_OBJC_WEAK = YES;
				CLANG_WARN_BLOCK_CAPTURE_AUTORELEASING = YES;
				CLANG_WARN_BOOL_CONVERSION = YES;
				CLANG_WARN_COMMA = YES;
				CLANG_WARN_CONSTANT_CONVERSION = YES;
				CLANG_WARN_DEPRECATED_OBJC_IMPLEMENTATIONS = YES;
				CLANG_WARN_DIRECT_OBJC_ISA_USAGE = YES_ERROR;
				CLANG_WARN_DOCUMENTATION_COMMENTS = YES;
				CLANG_WARN_EMPTY_BODY = YES;
				CLANG_WARN_ENUM_CONVERSION = YES;
				CLANG_WARN_INFINITE_RECURSION = YES;
				CLANG_WARN_INT_CONVERSION = YES;
				CLANG_WARN_NON_LITERAL_NULL_CONVERSION = YES;
				CLANG_WARN_OBJC_IMPLICIT_RETAIN_SELF = YES;
				CLANG_WARN_OBJC_LITERAL_CONVERSION = YES;
				CLANG_WARN_OBJC_ROOT_CLASS = YES_ERROR;
				CLANG_WARN_QUOTED_INCLUDE_IN_FRAMEWORK_HEADER = YES;
				CLANG_WARN_RANGE_LOOP_ANALYSIS = YES;
				CLANG_WARN_STRICT_PROTOTYPES = YES;
				CLANG_WARN_SUSPICIOUS_MOVE = YES;
				CLANG_WARN_UNGUARDED_AVAILABILITY = YES_AGGRESSIVE;
				CLANG_WARN_UNREACHABLE_CODE = YES;
				CLANG_WARN__DUPLICATE_METHOD_MATCH = YES;
				COPY_PHASE_STRIP = NO;
				DEBUG_INFORMATION_FORMAT = "dwarf-with-dsym";
				ENABLE_NS_ASSERTIONS = NO;
				ENABLE_STRICT_OBJC_MSGSEND = YES;
				GCC_C_LANGUAGE_STANDARD = gnu11;
				GCC_NO_COMMON_BLOCKS = YES;
				GCC_WARN_64_TO_32_BIT_CONVERSION = YES;
				GCC_WARN_ABOUT_RETURN_TYPE = YES_ERROR;
				GCC_WARN_UNDECLARED_SELECTOR = YES;
				GCC_WARN_UNINITIALIZED_AUTOS = YES_AGGRESSIVE;
				GCC_WARN_UNUSED_FUNCTION = YES;
				GCC_WARN_UNUSED_VARIABLE = YES;
				IPHONEOS_DEPLOYMENT_TARGET = 15.5;
				MTL_ENABLE_DEBUG_INFO = NO;
				MTL_FAST_MATH = YES;
				SDKROOT = iphoneos;
				VALIDATE_PRODUCT = YES;
			};
			name = Release;
		};
		73B91BA428762EA700857F73 /* Debug */ = {
			isa = XCBuildConfiguration;
			baseConfigurationReference = 62622D26D2304DE596E8011C /* Pods-Wellthier.debug.xcconfig */;
			buildSettings = {
				ASSETCATALOG_COMPILER_APPICON_NAME = AppIcon;
				ASSETCATALOG_COMPILER_GLOBAL_ACCENT_COLOR_NAME = AccentColor;
				CODE_SIGN_ENTITLEMENTS = Wellthier/Wellthier.entitlements;
				CODE_SIGN_STYLE = Automatic;
				CURRENT_PROJECT_VERSION = 1;
				DEVELOPMENT_TEAM = R4DFZ6X7PD;
				GENERATE_INFOPLIST_FILE = YES;
				INFOPLIST_FILE = Wellthier/Info.plist;
				INFOPLIST_KEY_UIApplicationSupportsIndirectInputEvents = YES;
				INFOPLIST_KEY_UILaunchStoryboardName = LaunchScreen;
				INFOPLIST_KEY_UIMainStoryboardFile = Main;
				INFOPLIST_KEY_UISupportedInterfaceOrientations_iPad = "UIInterfaceOrientationPortrait UIInterfaceOrientationPortraitUpsideDown UIInterfaceOrientationLandscapeLeft UIInterfaceOrientationLandscapeRight";
				INFOPLIST_KEY_UISupportedInterfaceOrientations_iPhone = "UIInterfaceOrientationPortrait UIInterfaceOrientationLandscapeLeft UIInterfaceOrientationLandscapeRight";
				LD_RUNPATH_SEARCH_PATHS = (
					"$(inherited)",
					"@executable_path/Frameworks",
				);
				MARKETING_VERSION = 1.0;
				PRODUCT_BUNDLE_IDENTIFIER = com.codepath.Wellthier;
				PRODUCT_NAME = "$(TARGET_NAME)";
				SWIFT_EMIT_LOC_STRINGS = YES;
				TARGETED_DEVICE_FAMILY = "1,2";
			};
			name = Debug;
		};
		73B91BA528762EA700857F73 /* Release */ = {
			isa = XCBuildConfiguration;
			baseConfigurationReference = EFBD4FB236AF05A65C2B02F7 /* Pods-Wellthier.release.xcconfig */;
			buildSettings = {
				ASSETCATALOG_COMPILER_APPICON_NAME = AppIcon;
				ASSETCATALOG_COMPILER_GLOBAL_ACCENT_COLOR_NAME = AccentColor;
				CODE_SIGN_ENTITLEMENTS = Wellthier/Wellthier.entitlements;
				CODE_SIGN_STYLE = Automatic;
				CURRENT_PROJECT_VERSION = 1;
				DEVELOPMENT_TEAM = R4DFZ6X7PD;
				GENERATE_INFOPLIST_FILE = YES;
				INFOPLIST_FILE = Wellthier/Info.plist;
				INFOPLIST_KEY_UIApplicationSupportsIndirectInputEvents = YES;
				INFOPLIST_KEY_UILaunchStoryboardName = LaunchScreen;
				INFOPLIST_KEY_UIMainStoryboardFile = Main;
				INFOPLIST_KEY_UISupportedInterfaceOrientations_iPad = "UIInterfaceOrientationPortrait UIInterfaceOrientationPortraitUpsideDown UIInterfaceOrientationLandscapeLeft UIInterfaceOrientationLandscapeRight";
				INFOPLIST_KEY_UISupportedInterfaceOrientations_iPhone = "UIInterfaceOrientationPortrait UIInterfaceOrientationLandscapeLeft UIInterfaceOrientationLandscapeRight";
				LD_RUNPATH_SEARCH_PATHS = (
					"$(inherited)",
					"@executable_path/Frameworks",
				);
				MARKETING_VERSION = 1.0;
				PRODUCT_BUNDLE_IDENTIFIER = com.codepath.Wellthier;
				PRODUCT_NAME = "$(TARGET_NAME)";
				SWIFT_EMIT_LOC_STRINGS = YES;
				TARGETED_DEVICE_FAMILY = "1,2";
			};
			name = Release;
		};
		73B91BA728762EA700857F73 /* Debug */ = {
			isa = XCBuildConfiguration;
			baseConfigurationReference = F418393A7448C5DFFB776181 /* Pods-WellthierTests.debug.xcconfig */;
			buildSettings = {
				BUNDLE_LOADER = "$(TEST_HOST)";
				CODE_SIGN_STYLE = Automatic;
				CURRENT_PROJECT_VERSION = 1;
				DEVELOPMENT_TEAM = R4DFZ6X7PD;
				GENERATE_INFOPLIST_FILE = YES;
				IPHONEOS_DEPLOYMENT_TARGET = 15.5;
				MARKETING_VERSION = 1.0;
				PRODUCT_BUNDLE_IDENTIFIER = com.codepath.WellthierTests;
				PRODUCT_NAME = "$(TARGET_NAME)";
				SWIFT_EMIT_LOC_STRINGS = NO;
				TARGETED_DEVICE_FAMILY = "1,2";
				TEST_HOST = "$(BUILT_PRODUCTS_DIR)/Wellthier.app/Wellthier";
			};
			name = Debug;
		};
		73B91BA828762EA700857F73 /* Release */ = {
			isa = XCBuildConfiguration;
			baseConfigurationReference = 2BA6A5B4169932F6BB81A73C /* Pods-WellthierTests.release.xcconfig */;
			buildSettings = {
				BUNDLE_LOADER = "$(TEST_HOST)";
				CODE_SIGN_STYLE = Automatic;
				CURRENT_PROJECT_VERSION = 1;
				DEVELOPMENT_TEAM = R4DFZ6X7PD;
				GENERATE_INFOPLIST_FILE = YES;
				IPHONEOS_DEPLOYMENT_TARGET = 15.5;
				MARKETING_VERSION = 1.0;
				PRODUCT_BUNDLE_IDENTIFIER = com.codepath.WellthierTests;
				PRODUCT_NAME = "$(TARGET_NAME)";
				SWIFT_EMIT_LOC_STRINGS = NO;
				TARGETED_DEVICE_FAMILY = "1,2";
				TEST_HOST = "$(BUILT_PRODUCTS_DIR)/Wellthier.app/Wellthier";
			};
			name = Release;
		};
		73B91BAA28762EA700857F73 /* Debug */ = {
			isa = XCBuildConfiguration;
			baseConfigurationReference = B50347A7FFD4FFC4FEA8C3B0 /* Pods-Wellthier-WellthierUITests.debug.xcconfig */;
			buildSettings = {
				CODE_SIGN_STYLE = Automatic;
				CURRENT_PROJECT_VERSION = 1;
				DEVELOPMENT_TEAM = R4DFZ6X7PD;
				GENERATE_INFOPLIST_FILE = YES;
				MARKETING_VERSION = 1.0;
				PRODUCT_BUNDLE_IDENTIFIER = com.codepath.WellthierUITests;
				PRODUCT_NAME = "$(TARGET_NAME)";
				SWIFT_EMIT_LOC_STRINGS = NO;
				TARGETED_DEVICE_FAMILY = "1,2";
				TEST_TARGET_NAME = Wellthier;
			};
			name = Debug;
		};
		73B91BAB28762EA700857F73 /* Release */ = {
			isa = XCBuildConfiguration;
			baseConfigurationReference = C8699F23106F104BBFBB9A4E /* Pods-Wellthier-WellthierUITests.release.xcconfig */;
			buildSettings = {
				CODE_SIGN_STYLE = Automatic;
				CURRENT_PROJECT_VERSION = 1;
				DEVELOPMENT_TEAM = R4DFZ6X7PD;
				GENERATE_INFOPLIST_FILE = YES;
				MARKETING_VERSION = 1.0;
				PRODUCT_BUNDLE_IDENTIFIER = com.codepath.WellthierUITests;
				PRODUCT_NAME = "$(TARGET_NAME)";
				SWIFT_EMIT_LOC_STRINGS = NO;
				TARGETED_DEVICE_FAMILY = "1,2";
				TEST_TARGET_NAME = Wellthier;
			};
			name = Release;
		};
/* End XCBuildConfiguration section */

/* Begin XCConfigurationList section */
		73B91B6F28762EA500857F73 /* Build configuration list for PBXProject "Wellthier" */ = {
			isa = XCConfigurationList;
			buildConfigurations = (
				73B91BA128762EA700857F73 /* Debug */,
				73B91BA228762EA700857F73 /* Release */,
			);
			defaultConfigurationIsVisible = 0;
			defaultConfigurationName = Release;
		};
		73B91BA328762EA700857F73 /* Build configuration list for PBXNativeTarget "Wellthier" */ = {
			isa = XCConfigurationList;
			buildConfigurations = (
				73B91BA428762EA700857F73 /* Debug */,
				73B91BA528762EA700857F73 /* Release */,
			);
			defaultConfigurationIsVisible = 0;
			defaultConfigurationName = Release;
		};
		73B91BA628762EA700857F73 /* Build configuration list for PBXNativeTarget "WellthierTests" */ = {
			isa = XCConfigurationList;
			buildConfigurations = (
				73B91BA728762EA700857F73 /* Debug */,
				73B91BA828762EA700857F73 /* Release */,
			);
			defaultConfigurationIsVisible = 0;
			defaultConfigurationName = Release;
		};
		73B91BA928762EA700857F73 /* Build configuration list for PBXNativeTarget "WellthierUITests" */ = {
			isa = XCConfigurationList;
			buildConfigurations = (
				73B91BAA28762EA700857F73 /* Debug */,
				73B91BAB28762EA700857F73 /* Release */,
			);
			defaultConfigurationIsVisible = 0;
			defaultConfigurationName = Release;
		};
/* End XCConfigurationList section */
	};
	rootObject = 73B91B6C28762EA500857F73 /* Project object */;
}
